
Microsoft Visual Studio Solution File, Format Version 12.00
# Visual Studio Version 16
VisualStudioVersion = 16.0.31702.278
MinimumVisualStudioVersion = 10.0.40219.1
Project("{FAE04EC0-301F-11D3-BF4B-00C04F79EFBC}") = "appProjectLibreria", "appProjectLibreria.csproj", "{E3F834F7-5668-4AD9-AE1F-018CC9737106}"
EndProject
Global
	GlobalSection(SolutionConfigurationPlatforms) = preSolution
		Debug|Any CPU = Debug|Any CPU
		Release|Any CPU = Release|Any CPU
	EndGlobalSection
	GlobalSection(ProjectConfigurationPlatforms) = postSolution
		{E3F834F7-5668-4AD9-AE1F-018CC9737106}.Debug|Any CPU.ActiveCfg = Debug|Any CPU
		{E3F834F7-5668-4AD9-AE1F-018CC9737106}.Debug|Any CPU.Build.0 = Debug|Any CPU
		{E3F834F7-5668-4AD9-AE1F-018CC9737106}.Release|Any CPU.ActiveCfg = Release|Any CPU
		{E3F834F7-5668-4AD9-AE1F-018CC9737106}.Release|Any CPU.Build.0 = Release|Any CPU
	EndGlobalSection
	GlobalSection(SolutionProperties) = preSolution
		HideSolutionNode = FALSE
	EndGlobalSection
	GlobalSection(ExtensibilityGlobals) = postSolution
		SolutionGuid = {EBDECF16-0C4F-47A1-80EE-0799C82B165D}
	EndGlobalSection
EndGlobal
